
Microsoft Visual Studio Solution File, Format Version 12.00
# Visual Studio Version 16
VisualStudioVersion = 16.0.29926.136
MinimumVisualStudioVersion = 10.0.40219.1
Project("{FAE04EC0-301F-11D3-BF4B-00C04F79EFBC}") = "NoteBook", "NoteBook\NoteBook.csproj", "{BCCD15FA-37E2-4DD2-AB3D-8B4E4BD77067}"
EndProject
Global
	GlobalSection(SolutionConfigurationPlatforms) = preSolution
		Debug|Any CPU = Debug|Any CPU
		Release|Any CPU = Release|Any CPU
	EndGlobalSection
	GlobalSection(ProjectConfigurationPlatforms) = postSolution
		{BCCD15FA-37E2-4DD2-AB3D-8B4E4BD77067}.Debug|Any CPU.ActiveCfg = Debug|Any CPU
		{BCCD15FA-37E2-4DD2-AB3D-8B4E4BD77067}.Debug|Any CPU.Build.0 = Debug|Any CPU
		{BCCD15FA-37E2-4DD2-AB3D-8B4E4BD77067}.Release|Any CPU.ActiveCfg = Release|Any CPU
		{BCCD15FA-37E2-4DD2-AB3D-8B4E4BD77067}.Release|Any CPU.Build.0 = Release|Any CPU
	EndGlobalSection
	GlobalSection(SolutionProperties) = preSolution
		HideSolutionNode = FALSE
	EndGlobalSection
	GlobalSection(ExtensibilityGlobals) = postSolution
		SolutionGuid = {CD787076-359B-4602-B3A2-A2B241F7CCC1}
	EndGlobalSection
EndGlobal
